# gpack.lock - Lockfile for deterministic builds
# Generated by: ggen-marketplace 5.0.2
# Feature: 014-marketplace-gpack T003

version = 1

[metadata]
ggen_version = "5.0.2"
created_at = "2024-12-20T10:00:00Z"
manifest_hash = "sha256:abc123def456789..."

[packages.serde]
name = "serde"
version = "1.0.193"
checksum = "sha256:1234567890abcdef1234567890abcdef1234567890abcdef1234567890abcdef"
source = "https://crates.io/api/v1/crates/serde/1.0.193/download"
features = ["derive", "std"]

[packages.serde.dependencies]
serde_derive = "1.0.193"

[packages.serde_derive]
name = "serde_derive"
version = "1.0.193"
checksum = "sha256:fedcba0987654321fedcba0987654321fedcba0987654321fedcba0987654321"
source = "https://crates.io/api/v1/crates/serde_derive/1.0.193/download"

[packages.tokio]
name = "tokio"
version = "1.35.0"
checksum = "sha256:abcdef1234567890abcdef1234567890abcdef1234567890abcdef1234567890"
source = "https://crates.io/api/v1/crates/tokio/1.35.0/download"
features = ["full", "rt-multi-thread", "macros"]
