# ggen.lock — generated by `ggen sync`. Do not edit.

[packs.chicago-tdd-tools-pack]
source = "path:../../packs/chicago-tdd-tools-pack"
content_hash = "blake3:c9d6405ed9fad205588dd13e1f2ec23b1c1173a58913a425877d00a8d375b9dc"

[packs.clap-noun-verb-pack]
source = "path:../../packs/clap-noun-verb-pack"
content_hash = "blake3:0b78b530d7d855daba9c76a5f852c750d45b5c66ab8d3174af618431bc148e5a"

[packs.wasm4pm-algorithms-pack]
source = "path:../../packs/wasm4pm-algorithms-pack"
content_hash = "blake3:eece9c0d04de1aa0aae2f98b1ce389e542313ccc94bf848aca56091be6532826"

[packs.wasm4pm-cognition-pack]
source = "path:../../packs/wasm4pm-cognition-pack"
content_hash = "blake3:ea8b4ad97e63a17f6f5c04a90d685afacc02dbc04e164f2dca614431c92668c1"

[packs.wasm4pm-compat-pack]
source = "path:../../packs/wasm4pm-compat-pack"
content_hash = "blake3:8846dfcd09f2f98f0cacd2f03df2ff4267a055f0b6a89ad207e39ed740de1faf"

[packs.wasm4pm-facts-pack]
source = "path:../../packs/wasm4pm-facts-pack"
content_hash = "blake3:004ed12b653aed4f1918189b12451fb789d920b3d7a9a0861f55c014a8dc5b65"
