# ggen.lock — generated by `ggen sync`. Do not edit.

[packs.chicago-tdd-tools-pack]
source = "path:../../packs/chicago-tdd-tools-pack"
content_hash = "blake3:b722238941b5b4fb775b148f8676ce290c3ec3b52e190d6fea21421458a60377"

[packs.clap-noun-verb-pack]
source = "path:../../packs/clap-noun-verb-pack"
content_hash = "blake3:4db553105914048400e39d30e226e66b0a6361a6705af4423e95629a3e55a5f9"

[packs.wasm4pm-algorithms-pack]
source = "path:../../packs/wasm4pm-algorithms-pack"
content_hash = "blake3:08a9569b8799e34fc77b6532c28801a4dc427cd0295c24aac84570ef18364dc6"

[packs.wasm4pm-cognition-pack]
source = "path:../../packs/wasm4pm-cognition-pack"
content_hash = "blake3:83a83f88f7db0d6a15e30142271eec8c46920ead3af34143397518aec1408ac5"

[packs.wasm4pm-compat-pack]
source = "path:../../packs/wasm4pm-compat-pack"
content_hash = "blake3:1f74f761fec143a37e18a5f7c266d92f3e449d7ae47115e586fac18f4665ca5c"

[packs.wasm4pm-facts-pack]
source = "path:../../packs/wasm4pm-facts-pack"
content_hash = "blake3:2db596618444495a8f2a190b349794e4c0af119d4e9fdf6f57f612df8a235d2b"

[packs.wasm4pm-sandbox-pack]
source = "path:../../packs/wasm4pm-sandbox-pack"
content_hash = "blake3:c9c3b5420569ed3acf9430a15f3ade71c4c8aaa87176256d810f20f5a75c46a8"
