# ggen.lock — generated by `ggen sync`. Do not edit.

[packs.tcps-core-pack]
source = "path:../../packs/tcps-core-pack"
content_hash = "blake3:80e0bdd25b87a6a3294848083ee36a786ed7907842e3f0898cee5df1ad1cfb23"

[packs.tcps-release-pack]
source = "path:../../packs/tcps-release-pack"
content_hash = "blake3:de6df854d960f09b28a1ee863990ecc43c7119fa8ac54b85fdbc8d48a2217cfb"
