# ggen.lock — generated by `ggen sync`. Do not edit.

[packs.ggen-verify-pack]
source = "path:../../packs/ggen-verify-pack"
content_hash = "blake3:b88af3cb29f7e69e8836e69a3e7b915b58fc2e3e0f973a17bab29bc0093b8bbc"

[packs.tcps-cli-pack]
source = "path:../../packs/tcps-cli-pack"
content_hash = "blake3:d16f3c4bb3fc5a44c341b5ab70024a727e8e0d189cc80fdb684780217a3ac46e"

[packs.tcps-core-pack]
source = "path:../../packs/tcps-core-pack"
content_hash = "blake3:ae41d4da9845a3273f789cc9c311ed6f4c59d9b8b4731f29f6d0a48075433591"

[packs.tcps-evidence]
source = "path:evidence"
content_hash = "blake3:255f3d8349dc4ce3f8fef2548a69e206d1e3e5c81b8a9ce2bb465ee8a57f7177"

[packs.tcps-ffi-pack]
source = "path:../../packs/tcps-ffi-pack"
content_hash = "blake3:ced107ab8b79c2ebeee956a7ac478787787743f3fb02faf63a6dbaac05a86847"

[packs.tcps-release-pack]
source = "path:../../packs/tcps-release-pack"
content_hash = "blake3:4f7d88ee9dabb8a8fc41e57c789289410f38454f38b2000e98d9d547b99b7e65"

[packs.tcps-std-pack]
source = "path:../../packs/tcps-std-pack"
content_hash = "blake3:952160586427b0224a1d45af44fc707b6670e031ee3b50e8e713171d0bb8810f"

[packs.tcps-wasm-pack]
source = "path:../../packs/tcps-wasm-pack"
content_hash = "blake3:41fe7dea57a94f5cc0d3976661a27d4c328b2f62cda197df5dbec5082e799a47"
