# ggen.lock — generated by `ggen sync`. Do not edit.

[packs.ggen-verify-pack]
source = "path:../../packs/ggen-verify-pack"
content_hash = "blake3:6a6b77b1d7bcd17c29b685ee7d64c23dc03de68ed688bd10c8ce75c6b68583db"

[packs.tcps-cli-pack]
source = "path:../../packs/tcps-cli-pack"
content_hash = "blake3:b2e6a233a0c1d4a7506146e5584ce5924106ca9a4bc3f5d82ab298c8e32dcf06"

[packs.tcps-core-pack]
source = "path:../../packs/tcps-core-pack"
content_hash = "blake3:30c0413245c7758206c039f17999aaae49cbe9c6d5eefe99c0e69a4db0443fcb"

[packs.tcps-ffi-pack]
source = "path:../../packs/tcps-ffi-pack"
content_hash = "blake3:06d8e6312d18767fb44f0491f2f300b013fad31a553effccb60c352545e6f7ab"

[packs.tcps-release-pack]
source = "path:../../packs/tcps-release-pack"
content_hash = "blake3:291106886f55e0bc228d210293fcad7ad0f0c6a974c3bbb0bdd7ae9942567ab3"

[packs.tcps-std-pack]
source = "path:../../packs/tcps-std-pack"
content_hash = "blake3:121595e4edf2f0336c6bb173c25690fbde7a57d0cbee83fd735ea98e339da8e8"

[packs.tcps-wasm-pack]
source = "path:../../packs/tcps-wasm-pack"
content_hash = "blake3:9eae3fb83b81327e4cd346cd25d49fac80da96135bc1dae59b78648440613bf4"
